
Microsoft Visual Studio Solution File, Format Version 12.00
# Visual Studio Version 16
VisualStudioVersion = 16.0.32413.511
MinimumVisualStudioVersion = 10.0.40219.1
Project("{FAE04EC0-301F-11D3-BF4B-00C04F79EFBC}") = "CrudOnDatabaseFirstApr", "CrudOnDatabaseFirstApr\CrudOnDatabaseFirstApr.csproj", "{16A7BDB7-12EA-48D5-9DB6-D50E5B62AC84}"
EndProject
Global
	GlobalSection(SolutionConfigurationPlatforms) = preSolution
		Debug|Any CPU = Debug|Any CPU
		Release|Any CPU = Release|Any CPU
	EndGlobalSection
	GlobalSection(ProjectConfigurationPlatforms) = postSolution
		{16A7BDB7-12EA-48D5-9DB6-D50E5B62AC84}.Debug|Any CPU.ActiveCfg = Debug|Any CPU
		{16A7BDB7-12EA-48D5-9DB6-D50E5B62AC84}.Debug|Any CPU.Build.0 = Debug|Any CPU
		{16A7BDB7-12EA-48D5-9DB6-D50E5B62AC84}.Release|Any CPU.ActiveCfg = Release|Any CPU
		{16A7BDB7-12EA-48D5-9DB6-D50E5B62AC84}.Release|Any CPU.Build.0 = Release|Any CPU
	EndGlobalSection
	GlobalSection(SolutionProperties) = preSolution
		HideSolutionNode = FALSE
	EndGlobalSection
	GlobalSection(ExtensibilityGlobals) = postSolution
		SolutionGuid = {D92B1E12-7DC5-4E15-88C7-F13E6969921D}
	EndGlobalSection
EndGlobal
